dependencies:
  espressif/button:
    component_hash: ad64de1d1b8aa139564810a8519b2f1ac275a560a512479ee94c1b6983469d4b
    dependencies:
    - name: espressif/cmake_utilities
      registry_url: https://components.espressif.com
      require: private
      version: '*'
    - name: idf
      require: private
      version: '>=4.0'
    source:
      registry_url: https://components.espressif.com
      type: service
    version: 4.2.0
  espressif/cmake_utilities:
    component_hash: 05165f30922b422b4b90c08845e6d449329b97370fbd06309803d8cb539d79e3
    dependencies:
    - name: idf
      require: private
      version: '>=4.1'
    source:
      registry_url: https://components.espressif.com
      type: service
    version: 1.1.1
  espressif/esp32-camera:
    component_hash: bc9c8a6b51df777a014fa295825b3de5069bc0300c317acff20c97cf4a10ac7d
    dependencies:
    - name: espressif/esp_jpeg
      registry_url: https://components.espressif.com
      require: public
      version: ^1.3.1
    - name: idf
      require: private
      version: '>=5.1'
    source:
      registry_url: https://components.espressif.com/
      type: service
    version: 2.1.7
  espressif/esp32_s2_kaluga_kit:
    component_hash: 28c3fc2b0ecdb829c05fdea18f6a0146875c08ad0b2aff19bd1af43e5b8ef962
    dependencies:
    - name: espressif/button
      registry_url: https://components.espressif.com
      require: public
      version: ^4
    - name: espressif/esp32-camera
      registry_url: https://components.espressif.com
      require: public
      version: ^2.0.14
    - name: espressif/esp_codec_dev
      registry_url: https://components.espressif.com
      require: public
      version: ~1.3.1
    - name: espressif/esp_lvgl_port
      registry_url: https://components.espressif.com
      require: public
      version: ^2
    - name: idf
      require: private
      version: '>=5.4'
    - name: espressif/led_strip
      registry_url: https://components.espressif.com
      require: public
      version: ^3.0
    source:
      registry_url: https://components.espressif.com/
      type: service
    targets:
    - esp32s2
    version: 5.0.1~1
  espressif/esp_codec_dev:
    component_hash: 420a8a931f8bdfc74ae89c4d2ce634823d10e1865b1e9bdb8428bfe4a1060def
    dependencies:
    - name: idf
      require: private
      version: '>=4.0'
    source:
      registry_url: https://components.espressif.com
      type: service
    version: 1.3.6
  espressif/esp_jpeg:
    component_hash: defb83669293cbf86d0fa86b475ba5517aceed04ed70db435388c151ab37b5d7
    dependencies:
    - name: idf
      require: private
      version: '>=5.0'
    source:
      registry_url: https://components.espressif.com
      type: service
    version: 1.3.1
  espressif/esp_lvgl_port:
    component_hash: d3c020b45c3dfc0d1706a83b63a1c34a6eb444a6e935f9afff79f92b7b94dcef
    dependencies:
    - name: idf
      require: private
      version: '>=5.2'
    - name: lvgl/lvgl
      registry_url: https://components.espressif.com
      require: public
      version: '>=8,<10'
    source:
      registry_url: https://components.espressif.com
      type: service
    version: 2.9.0
  espressif/led_strip:
    component_hash: 28621486f77229aaf81c71f5e15d6fbf36c2949cf11094e07090593e659e7639
    dependencies:
    - name: idf
      require: private
      version: '>=5.0'
    source:
      registry_url: https://components.espressif.com
      type: service
    version: 3.0.3
  idf:
    source:
      type: idf
    version: 6.1.0
  lvgl/lvgl:
    component_hash: 184e532558c1c45fefed631f3e235423d22582aafb4630f3e8885c35281a49ae
    dependencies: []
    source:
      registry_url: https://components.espressif.com
      type: service
    version: 9.5.0
direct_dependencies:
- espressif/esp32-camera
- espressif/esp32_s2_kaluga_kit
- idf
manifest_hash: f9c201ff362c446bf4c86b38ba21723615049e419fb06c943f0809d1f4c34f5e
target: esp32s2
version: 3.0.0
